// !$*UTF8*$!
{
	archiveVersion = 1;
	classes = {
	};
	objectVersion = 46;
	objects = {

/* Begin PBXBuildFile section */
		C7BB6BEF19807DB400335BF2 /* StatsViewController.m in Sources */ = {isa = PBXBuildFile; fileRef = C7BB6BEE19807DB400335BF2 /* StatsViewController.m */; };
		C7CDBE2B197633D000F86E8C /* Foundation.framework in Frameworks */ = {isa = PBXBuildFile; fileRef = C7CDBE2A197633D000F86E8C /* Foundation.framework */; };
		C7CDBE2D197633D000F86E8C /* CoreGraphics.framework in Frameworks */ = {isa = PBXBuildFile; fileRef = C7CDBE2C197633D000F86E8C /* CoreGraphics.framework */; };
		C7CDBE2F197633D000F86E8C /* UIKit.framework in Frameworks */ = {isa = PBXBuildFile; fileRef = C7CDBE2E197633D000F86E8C /* UIKit.framework */; };
		C7CDBE35197633D000F86E8C /* InfoPlist.strings in Resources */ = {isa = PBXBuildFile; fileRef = C7CDBE33197633D000F86E8C /* InfoPlist.strings */; };
		C7CDBE37197633D000F86E8C /* main.m in Sources */ = {isa = PBXBuildFile; fileRef = C7CDBE36197633D000F86E8C /* main.m */; };
		C7CDBE3B197633D000F86E8C /* RandomGreetingAppDelegate.m in Sources */ = {isa = PBXBuildFile; fileRef = C7CDBE3A197633D000F86E8C /* RandomGreetingAppDelegate.m */; };
		C7CDBE3E197633D000F86E8C /* Main.storyboard in Resources */ = {isa = PBXBuildFile; fileRef = C7CDBE3C197633D000F86E8C /* Main.storyboard */; };
		C7CDBE41197633D000F86E8C /* RandomGreetingViewController.m in Sources */ = {isa = PBXBuildFile; fileRef = C7CDBE40197633D000F86E8C /* RandomGreetingViewController.m */; };
		C7CDBE43197633D000F86E8C /* Images.xcassets in Resources */ = {isa = PBXBuildFile; fileRef = C7CDBE42197633D000F86E8C /* Images.xcassets */; };
		C7CDBE4A197633D000F86E8C /* XCTest.framework in Frameworks */ = {isa = PBXBuildFile; fileRef = C7CDBE49197633D000F86E8C /* XCTest.framework */; };
		C7CDBE4B197633D000F86E8C /* Foundation.framework in Frameworks */ = {isa = PBXBuildFile; fileRef = C7CDBE2A197633D000F86E8C /* Foundation.framework */; };
		C7CDBE4C197633D000F86E8C /* UIKit.framework in Frameworks */ = {isa = PBXBuildFile; fileRef = C7CDBE2E197633D000F86E8C /* UIKit.framework */; };
		C7CDBE54197633D000F86E8C /* InfoPlist.strings in Resources */ = {isa = PBXBuildFile; fileRef = C7CDBE52197633D000F86E8C /* InfoPlist.strings */; };
		C7CDBE56197633D000F86E8C /* RandomGreetingTests.m in Sources */ = {isa = PBXBuildFile; fileRef = C7CDBE55197633D000F86E8C /* RandomGreetingTests.m */; };
		C7CDBE61197634E400F86E8C /* Greetings.m in Sources */ = {isa = PBXBuildFile; fileRef = C7CDBE60197634E400F86E8C /* Greetings.m */; };
/* End PBXBuildFile section */

/* Begin PBXContainerItemProxy section */
		C7CDBE4D197633D000F86E8C /* PBXContainerItemProxy */ = {
			isa = PBXContainerItemProxy;
			containerPortal = C7CDBE1F197633D000F86E8C /* Project object */;
			proxyType = 1;
			remoteGlobalIDString = C7CDBE26197633D000F86E8C;
			remoteInfo = RandomGreeting;
		};
/* End PBXContainerItemProxy section */

/* Begin PBXFileReference section */
		C7BB6BED19807DB400335BF2 /* StatsViewController.h */ = {isa = PBXFileReference; fileEncoding = 4; lastKnownFileType = sourcecode.c.h; path = StatsViewController.h; sourceTree = "<group>"; };
		C7BB6BEE19807DB400335BF2 /* StatsViewController.m */ = {isa = PBXFileReference; fileEncoding = 4; lastKnownFileType = sourcecode.c.objc; path = StatsViewController.m; sourceTree = "<group>"; };
		C7CDBE27197633D000F86E8C /* RandomGreeting.app */ = {isa = PBXFileReference; explicitFileType = wrapper.application; includeInIndex = 0; path = RandomGreeting.app; sourceTree = BUILT_PRODUCTS_DIR; };
		C7CDBE2A197633D000F86E8C /* Foundation.framework */ = {isa = PBXFileReference; lastKnownFileType = wrapper.framework; name = Foundation.framework; path = System/Library/Frameworks/Foundation.framework; sourceTree = SDKROOT; };
		C7CDBE2C197633D000F86E8C /* CoreGraphics.framework */ = {isa = PBXFileReference; lastKnownFileType = wrapper.framework; name = CoreGraphics.framework; path = System/Library/Frameworks/CoreGraphics.framework; sourceTree = SDKROOT; };
		C7CDBE2E197633D000F86E8C /* UIKit.framework */ = {isa = PBXFileReference; lastKnownFileType = wrapper.framework; name = UIKit.framework; path = System/Library/Frameworks/UIKit.framework; sourceTree = SDKROOT; };
		C7CDBE32197633D000F86E8C /* RandomGreeting-Info.plist */ = {isa = PBXFileReference; lastKnownFileType = text.plist.xml; path = "RandomGreeting-Info.plist"; sourceTree = "<group>"; };
		C7CDBE34197633D000F86E8C /* en */ = {isa = PBXFileReference; lastKnownFileType = text.plist.strings; name = en; path = en.lproj/InfoPlist.strings; sourceTree = "<group>"; };
		C7CDBE36197633D000F86E8C /* main.m */ = {isa = PBXFileReference; lastKnownFileType = sourcecode.c.objc; path = main.m; sourceTree = "<group>"; };
		C7CDBE38197633D000F86E8C /* RandomGreeting-Prefix.pch */ = {isa = PBXFileReference; lastKnownFileType = sourcecode.c.h; path = "RandomGreeting-Prefix.pch"; sourceTree = "<group>"; };
		C7CDBE39197633D000F86E8C /* RandomGreetingAppDelegate.h */ = {isa = PBXFileReference; lastKnownFileType = sourcecode.c.h; path = RandomGreetingAppDelegate.h; sourceTree = "<group>"; };
		C7CDBE3A197633D000F86E8C /* RandomGreetingAppDelegate.m */ = {isa = PBXFileReference; lastKnownFileType = sourcecode.c.objc; path = RandomGreetingAppDelegate.m; sourceTree = "<group>"; };
		C7CDBE3D197633D000F86E8C /* Base */ = {isa = PBXFileReference; lastKnownFileType = file.storyboard; name = Base; path = Base.lproj/Main.storyboard; sourceTree = "<group>"; };
		C7CDBE3F197633D000F86E8C /* RandomGreetingViewController.h */ = {isa = PBXFileReference; lastKnownFileType = sourcecode.c.h; path = RandomGreetingViewController.h; sourceTree = "<group>"; };
		C7CDBE40197633D000F86E8C /* RandomGreetingViewController.m */ = {isa = PBXFileReference; lastKnownFileType = sourcecode.c.objc; path = RandomGreetingViewController.m; sourceTree = "<group>"; };
		C7CDBE42197633D000F86E8C /* Images.xcassets */ = {isa = PBXFileReference; lastKnownFileType = folder.assetcatalog; path = Images.xcassets; sourceTree = "<group>"; };
		C7CDBE48197633D000F86E8C /* RandomGreetingTests.xctest */ = {isa = PBXFileReference; explicitFileType = wrapper.cfbundle; includeInIndex = 0; path = RandomGreetingTests.xctest; sourceTree = BUILT_PRODUCTS_DIR; };
		C7CDBE49197633D000F86E8C /* XCTest.framework */ = {isa = PBXFileReference; lastKnownFileType = wrapper.framework; name = XCTest.framework; path = Library/Frameworks/XCTest.framework; sourceTree = DEVELOPER_DIR; };
		C7CDBE51197633D000F86E8C /* RandomGreetingTests-Info.plist */ = {isa = PBXFileReference; lastKnownFileType = text.plist.xml; path = "RandomGreetingTests-Info.plist"; sourceTree = "<group>"; };
		C7CDBE53197633D000F86E8C /* en */ = {isa = PBXFileReference; lastKnownFileType = text.plist.strings; name = en; path = en.lproj/InfoPlist.strings; sourceTree = "<group>"; };
		C7CDBE55197633D000F86E8C /* RandomGreetingTests.m */ = {isa = PBXFileReference; lastKnownFileType = sourcecode.c.objc; path = RandomGreetingTests.m; sourceTree = "<group>"; };
		C7CDBE5F197634E400F86E8C /* Greetings.h */ = {isa = PBXFileReference; fileEncoding = 4; lastKnownFileType = sourcecode.c.h; path = Greetings.h; sourceTree = "<group>"; };
		C7CDBE60197634E400F86E8C /* Greetings.m */ = {isa = PBXFileReference; fileEncoding = 4; lastKnownFileType = sourcecode.c.objc; path = Greetings.m; sourceTree = "<group>"; };
/* End PBXFileReference section */

/* Begin PBXFrameworksBuildPhase section */
		C7CDBE24197633D000F86E8C /* Frameworks */ = {
			isa = PBXFrameworksBuildPhase;
			buildActionMask = 2147483647;
			files = (
				C7CDBE2D197633D000F86E8C /* CoreGraphics.framework in Frameworks */,
				C7CDBE2F197633D000F86E8C /* UIKit.framework in Frameworks */,
				C7CDBE2B197633D000F86E8C /* Foundation.framework in Frameworks */,
			);
			runOnlyForDeploymentPostprocessing = 0;
		};
		C7CDBE45197633D000F86E8C /* Frameworks */ = {
			isa = PBXFrameworksBuildPhase;
			buildActionMask = 2147483647;
			files = (
				C7CDBE4A197633D000F86E8C /* XCTest.framework in Frameworks */,
				C7CDBE4C197633D000F86E8C /* UIKit.framework in Frameworks */,
				C7CDBE4B197633D000F86E8C /* Foundation.framework in Frameworks */,
			);
			runOnlyForDeploymentPostprocessing = 0;
		};
/* End PBXFrameworksBuildPhase section */

/* Begin PBXGroup section */
		C7CDBE1E197633D000F86E8C = {
			isa = PBXGroup;
			children = (
				C7CDBE30197633D000F86E8C /* RandomGreeting */,
				C7CDBE4F197633D000F86E8C /* RandomGreetingTests */,
				C7CDBE29197633D000F86E8C /* Frameworks */,
				C7CDBE28197633D000F86E8C /* Products */,
			);
			sourceTree = "<group>";
		};
		C7CDBE28197633D000F86E8C /* Products */ = {
			isa = PBXGroup;
			children = (
				C7CDBE27197633D000F86E8C /* RandomGreeting.app */,
				C7CDBE48197633D000F86E8C /* RandomGreetingTests.xctest */,
			);
			name = Products;
			sourceTree = "<group>";
		};
		C7CDBE29197633D000F86E8C /* Frameworks */ = {
			isa = PBXGroup;
			children = (
				C7CDBE2A197633D000F86E8C /* Foundation.framework */,
				C7CDBE2C197633D000F86E8C /* CoreGraphics.framework */,
				C7CDBE2E197633D000F86E8C /* UIKit.framework */,
				C7CDBE49197633D000F86E8C /* XCTest.framework */,
			);
			name = Frameworks;
			sourceTree = "<group>";
		};
		C7CDBE30197633D000F86E8C /* RandomGreeting */ = {
			isa = PBXGroup;
			children = (
				C7CDBE39197633D000F86E8C /* RandomGreetingAppDelegate.h */,
				C7CDBE3A197633D000F86E8C /* RandomGreetingAppDelegate.m */,
				C7CDBE3C197633D000F86E8C /* Main.storyboard */,
				C7BB6BED19807DB400335BF2 /* StatsViewController.h */,
				C7BB6BEE19807DB400335BF2 /* StatsViewController.m */,
				C7CDBE3F197633D000F86E8C /* RandomGreetingViewController.h */,
				C7CDBE40197633D000F86E8C /* RandomGreetingViewController.m */,
				C7CDBE5F197634E400F86E8C /* Greetings.h */,
				C7CDBE60197634E400F86E8C /* Greetings.m */,
				C7CDBE42197633D000F86E8C /* Images.xcassets */,
				C7CDBE31197633D000F86E8C /* Supporting Files */,
			);
			path = RandomGreeting;
			sourceTree = "<group>";
		};
		C7CDBE31197633D000F86E8C /* Supporting Files */ = {
			isa = PBXGroup;
			children = (
				C7CDBE32197633D000F86E8C /* RandomGreeting-Info.plist */,
				C7CDBE33197633D000F86E8C /* InfoPlist.strings */,
				C7CDBE36197633D000F86E8C /* main.m */,
				C7CDBE38197633D000F86E8C /* RandomGreeting-Prefix.pch */,
			);
			name = "Supporting Files";
			sourceTree = "<group>";
		};
		C7CDBE4F197633D000F86E8C /* RandomGreetingTests */ = {
			isa = PBXGroup;
			children = (
				C7CDBE55197633D000F86E8C /* RandomGreetingTests.m */,
				C7CDBE50197633D000F86E8C /* Supporting Files */,
			);
			path = RandomGreetingTests;
			sourceTree = "<group>";
		};
		C7CDBE50197633D000F86E8C /* Supporting Files */ = {
			isa = PBXGroup;
			children = (
				C7CDBE51197633D000F86E8C /* RandomGreetingTests-Info.plist */,
				C7CDBE52197633D000F86E8C /* InfoPlist.strings */,
			);
			name = "Supporting Files";
			sourceTree = "<group>";
		};
/* End PBXGroup section */

/* Begin PBXNativeTarget section */
		C7CDBE26197633D000F86E8C /* RandomGreeting */ = {
			isa = PBXNativeTarget;
			buildConfigurationList = C7CDBE59197633D000F86E8C /* Build configuration list for PBXNativeTarget "RandomGreeting" */;
			buildPhases = (
				C7CDBE23197633D000F86E8C /* Sources */,
				C7CDBE24197633D000F86E8C /* Frameworks */,
				C7CDBE25197633D000F86E8C /* Resources */,
			);
			buildRules = (
			);
			dependencies = (
			);
			name = RandomGreeting;
			productName = RandomGreeting;
			productReference = C7CDBE27197633D000F86E8C /* RandomGreeting.app */;
			productType = "com.apple.product-type.application";
		};
		C7CDBE47197633D000F86E8C /* RandomGreetingTests */ = {
			isa = PBXNativeTarget;
			buildConfigurationList = C7CDBE5C197633D000F86E8C /* Build configuration list for PBXNativeTarget "RandomGreetingTests" */;
			buildPhases = (
				C7CDBE44197633D000F86E8C /* Sources */,
				C7CDBE45197633D000F86E8C /* Frameworks */,
				C7CDBE46197633D000F86E8C /* Resources */,
			);
			buildRules = (
			);
			dependencies = (
				C7CDBE4E197633D000F86E8C /* PBXTargetDependency */,
			);
			name = RandomGreetingTests;
			productName = RandomGreetingTests;
			productReference = C7CDBE48197633D000F86E8C /* RandomGreetingTests.xctest */;
			productType = "com.apple.product-type.bundle.unit-test";
		};
/* End PBXNativeTarget section */

/* Begin PBXProject section */
		C7CDBE1F197633D000F86E8C /* Project object */ = {
			isa = PBXProject;
			attributes = {
				CLASSPREFIX = RandomGreeting;
				LastUpgradeCheck = 0510;
				ORGANIZATIONNAME = "Iain Kirkpatrick";
				TargetAttributes = {
					C7CDBE47197633D000F86E8C = {
						TestTargetID = C7CDBE26197633D000F86E8C;
					};
				};
			};
			buildConfigurationList = C7CDBE22197633D000F86E8C /* Build configuration list for PBXProject "RandomGreeting" */;
			compatibilityVersion = "Xcode 3.2";
			developmentRegion = English;
			hasScannedForEncodings = 0;
			knownRegions = (
				en,
				Base,
			);
			mainGroup = C7CDBE1E197633D000F86E8C;
			productRefGroup = C7CDBE28197633D000F86E8C /* Products */;
			projectDirPath = "";
			projectRoot = "";
			targets = (
				C7CDBE26197633D000F86E8C /* RandomGreeting */,
				C7CDBE47197633D000F86E8C /* RandomGreetingTests */,
			);
		};
/* End PBXProject section */

/* Begin PBXResourcesBuildPhase section */
		C7CDBE25197633D000F86E8C /* Resources */ = {
			isa = PBXResourcesBuildPhase;
			buildActionMask = 2147483647;
			files = (
				C7CDBE43197633D000F86E8C /* Images.xcassets in Resources */,
				C7CDBE35197633D000F86E8C /* InfoPlist.strings in Resources */,
				C7CDBE3E197633D000F86E8C /* Main.storyboard in Resources */,
			);
			runOnlyForDeploymentPostprocessing = 0;
		};
		C7CDBE46197633D000F86E8C /* Resources */ = {
			isa = PBXResourcesBuildPhase;
			buildActionMask = 2147483647;
			files = (
				C7CDBE54197633D000F86E8C /* InfoPlist.strings in Resources */,
			);
			runOnlyForDeploymentPostprocessing = 0;
		};
/* End PBXResourcesBuildPhase section */

/* Begin PBXSourcesBuildPhase section */
		C7CDBE23197633D000F86E8C /* Sources */ = {
			isa = PBXSourcesBuildPhase;
			buildActionMask = 2147483647;
			files = (
				C7CDBE3B197633D000F86E8C /* RandomGreetingAppDelegate.m in Sources */,
				C7BB6BEF19807DB400335BF2 /* StatsViewController.m in Sources */,
				C7CDBE41197633D000F86E8C /* RandomGreetingViewController.m in Sources */,
				C7CDBE61197634E400F86E8C /* Greetings.m in Sources */,
				C7CDBE37197633D000F86E8C /* main.m in Sources */,
			);
			runOnlyForDeploymentPostprocessing = 0;
		};
		C7CDBE44197633D000F86E8C /* Sources */ = {
			isa = PBXSourcesBuildPhase;
			buildActionMask = 2147483647;
			files = (
				C7CDBE56197633D000F86E8C /* RandomGreetingTests.m in Sources */,
			);
			runOnlyForDeploymentPostprocessing = 0;
		};
/* End PBXSourcesBuildPhase section */

/* Begin PBXTargetDependency section */
		C7CDBE4E197633D000F86E8C /* PBXTargetDependency */ = {
			isa = PBXTargetDependency;
			target = C7CDBE26197633D000F86E8C /* RandomGreeting */;
			targetProxy = C7CDBE4D197633D000F86E8C /* PBXContainerItemProxy */;
		};
/* End PBXTargetDependency section */

/* Begin PBXVariantGroup section */
		C7CDBE33197633D000F86E8C /* InfoPlist.strings */ = {
			isa = PBXVariantGroup;
			children = (
				C7CDBE34197633D000F86E8C /* en */,
			);
			name = InfoPlist.strings;
			sourceTree = "<group>";
		};
		C7CDBE3C197633D000F86E8C /* Main.storyboard */ = {
			isa = PBXVariantGroup;
			children = (
				C7CDBE3D197633D000F86E8C /* Base */,
			);
			name = Main.storyboard;
			sourceTree = "<group>";
		};
		C7CDBE52197633D000F86E8C /* InfoPlist.strings */ = {
			isa = PBXVariantGroup;
			children = (
				C7CDBE53197633D000F86E8C /* en */,
			);
			name = InfoPlist.strings;
			sourceTree = "<group>";
		};
/* End PBXVariantGroup section */

/* Begin XCBuildConfiguration section */
		C7CDBE57197633D000F86E8C /* Debug */ = {
			isa = XCBuildConfiguration;
			buildSettings = {
				ALWAYS_SEARCH_USER_PATHS = NO;
				CLANG_CXX_LANGUAGE_STANDARD = "gnu++0x";
				CLANG_CXX_LIBRARY = "libc++";
				CLANG_ENABLE_MODULES = YES;
				CLANG_ENABLE_OBJC_ARC = YES;
				CLANG_WARN_BOOL_CONVERSION = YES;
				CLANG_WARN_CONSTANT_CONVERSION = YES;
				CLANG_WARN_DIRECT_OBJC_ISA_USAGE = YES_ERROR;
				CLANG_WARN_EMPTY_BODY = YES;
				CLANG_WARN_ENUM_CONVERSION = YES;
				CLANG_WARN_INT_CONVERSION = YES;
				CLANG_WARN_OBJC_ROOT_CLASS = YES_ERROR;
				CLANG_WARN__DUPLICATE_METHOD_MATCH = YES;
				"CODE_SIGN_IDENTITY[sdk=iphoneos*]" = "iPhone Developer";
				COPY_PHASE_STRIP = NO;
				GCC_C_LANGUAGE_STANDARD = gnu99;
				GCC_DYNAMIC_NO_PIC = NO;
				GCC_OPTIMIZATION_LEVEL = 0;
				GCC_PREPROCESSOR_DEFINITIONS = (
					"DEBUG=1",
					"$(inherited)",
				);
				GCC_SYMBOLS_PRIVATE_EXTERN = NO;
				GCC_WARN_64_TO_32_BIT_CONVERSION = YES;
				GCC_WARN_ABOUT_RETURN_TYPE = YES_ERROR;
				GCC_WARN_UNDECLARED_SELECTOR = YES;
				GCC_WARN_UNINITIALIZED_AUTOS = YES_AGGRESSIVE;
				GCC_WARN_UNUSED_FUNCTION = YES;
				GCC_WARN_UNUSED_VARIABLE = YES;
				IPHONEOS_DEPLOYMENT_TARGET = 7.1;
				ONLY_ACTIVE_ARCH = YES;
				SDKROOT = iphoneos;
			};
			name = Debug;
		};
		C7CDBE58197633D000F86E8C /* Release */ = {
			isa = XCBuildConfiguration;
			buildSettings = {
				ALWAYS_SEARCH_USER_PATHS = NO;
				CLANG_CXX_LANGUAGE_STANDARD = "gnu++0x";
				CLANG_CXX_LIBRARY = "libc++";
				CLANG_ENABLE_MODULES = YES;
				CLANG_ENABLE_OBJC_ARC = YES;
				CLANG_WARN_BOOL_CONVERSION = YES;
				CLANG_WARN_CONSTANT_CONVERSION = YES;
				CLANG_WARN_DIRECT_OBJC_ISA_USAGE = YES_ERROR;
				CLANG_WARN_EMPTY_BODY = YES;
				CLANG_WARN_ENUM_CONVERSION = YES;
				CLANG_WARN_INT_CONVERSION = YES;
				CLANG_WARN_OBJC_ROOT_CLASS = YES_ERROR;
				CLANG_WARN__DUPLICATE_METHOD_MATCH = YES;
				"CODE_SIGN_IDENTITY[sdk=iphoneos*]" = "iPhone Developer";
				COPY_PHASE_STRIP = YES;
				ENABLE_NS_ASSERTIONS = NO;
				GCC_C_LANGUAGE_STANDARD = gnu99;
				GCC_WARN_64_TO_32_BIT_CONVERSION = YES;
				GCC_WARN_ABOUT_RETURN_TYPE = YES_ERROR;
				GCC_WARN_UNDECLARED_SELECTOR = YES;
				GCC_WARN_UNINITIALIZED_AUTOS = YES_AGGRESSIVE;
				GCC_WARN_UNUSED_FUNCTION = YES;
				GCC_WARN_UNUSED_VARIABLE = YES;
				IPHONEOS_DEPLOYMENT_TARGET = 7.1;
				SDKROOT = iphoneos;
				VALIDATE_PRODUCT = YES;
			};
			name = Release;
		};
		C7CDBE5A197633D000F86E8C /* Debug */ = {
			isa = XCBuildConfiguration;
			buildSettings = {
				ASSETCATALOG_COMPILER_APPICON_NAME = AppIcon;
				ASSETCATALOG_COMPILER_LAUNCHIMAGE_NAME = LaunchImage;
				GCC_PRECOMPILE_PREFIX_HEADER = YES;
				GCC_PREFIX_HEADER = "RandomGreeting/RandomGreeting-Prefix.pch";
				INFOPLIST_FILE = "RandomGreeting/RandomGreeting-Info.plist";
				PRODUCT_NAME = "$(TARGET_NAME)";
				WRAPPER_EXTENSION = app;
			};
			name = Debug;
		};
		C7CDBE5B197633D000F86E8C /* Release */ = {
			isa = XCBuildConfiguration;
			buildSettings = {
				ASSETCATALOG_COMPILER_APPICON_NAME = AppIcon;
				ASSETCATALOG_COMPILER_LAUNCHIMAGE_NAME = LaunchImage;
				GCC_PRECOMPILE_PREFIX_HEADER = YES;
				GCC_PREFIX_HEADER = "RandomGreeting/RandomGreeting-Prefix.pch";
				INFOPLIST_FILE = "RandomGreeting/RandomGreeting-Info.plist";
				PRODUCT_NAME = "$(TARGET_NAME)";
				WRAPPER_EXTENSION = app;
			};
			name = Release;
		};
		C7CDBE5D197633D000F86E8C /* Debug */ = {
			isa = XCBuildConfiguration;
			buildSettings = {
				BUNDLE_LOADER = "$(BUILT_PRODUCTS_DIR)/RandomGreeting.app/RandomGreeting";
				FRAMEWORK_SEARCH_PATHS = (
					"$(SDKROOT)/Developer/Library/Frameworks",
					"$(inherited)",
					"$(DEVELOPER_FRAMEWORKS_DIR)",
				);
				GCC_PRECOMPILE_PREFIX_HEADER = YES;
				GCC_PREFIX_HEADER = "RandomGreeting/RandomGreeting-Prefix.pch";
				GCC_PREPROCESSOR_DEFINITIONS = (
					"DEBUG=1",
					"$(inherited)",
				);
				INFOPLIST_FILE = "RandomGreetingTests/RandomGreetingTests-Info.plist";
				PRODUCT_NAME = "$(TARGET_NAME)";
				TEST_HOST = "$(BUNDLE_LOADER)";
				WRAPPER_EXTENSION = xctest;
			};
			name = Debug;
		};
		C7CDBE5E197633D000F86E8C /* Release */ = {
			isa = XCBuildConfiguration;
			buildSettings = {
				BUNDLE_LOADER = "$(BUILT_PRODUCTS_DIR)/RandomGreeting.app/RandomGreeting";
				FRAMEWORK_SEARCH_PATHS = (
					"$(SDKROOT)/Developer/Library/Frameworks",
					"$(inherited)",
					"$(DEVELOPER_FRAMEWORKS_DIR)",
				);
				GCC_PRECOMPILE_PREFIX_HEADER = YES;
				GCC_PREFIX_HEADER = "RandomGreeting/RandomGreeting-Prefix.pch";
				INFOPLIST_FILE = "RandomGreetingTests/RandomGreetingTests-Info.plist";
				PRODUCT_NAME = "$(TARGET_NAME)";
				TEST_HOST = "$(BUNDLE_LOADER)";
				WRAPPER_EXTENSION = xctest;
			};
			name = Release;
		};
/* End XCBuildConfiguration section */

/* Begin XCConfigurationList section */
		C7CDBE22197633D000F86E8C /* Build configuration list for PBXProject "RandomGreeting" */ = {
			isa = XCConfigurationList;
			buildConfigurations = (
				C7CDBE57197633D000F86E8C /* Debug */,
				C7CDBE58197633D000F86E8C /* Release */,
			);
			defaultConfigurationIsVisible = 0;
			defaultConfigurationName = Release;
		};
		C7CDBE59197633D000F86E8C /* Build configuration list for PBXNativeTarget "RandomGreeting" */ = {
			isa = XCConfigurationList;
			buildConfigurations = (
				C7CDBE5A197633D000F86E8C /* Debug */,
				C7CDBE5B197633D000F86E8C /* Release */,
			);
			defaultConfigurationIsVisible = 0;
			defaultConfigurationName = Release;
		};
		C7CDBE5C197633D000F86E8C /* Build configuration list for PBXNativeTarget "RandomGreetingTests" */ = {
			isa = XCConfigurationList;
			buildConfigurations = (
				C7CDBE5D197633D000F86E8C /* Debug */,
				C7CDBE5E197633D000F86E8C /* Release */,
			);
			defaultConfigurationIsVisible = 0;
			defaultConfigurationName = Release;
		};
/* End XCConfigurationList section */
	};
	rootObject = C7CDBE1F197633D000F86E8C /* Project object */;
}
